<Solution>
  <Folder Name="/Solution Items/">
    <File Path=".editorconfig" />
    <File Path="DefaultDocumentation.json" />
    <File Path="Directory.Build.props" />
    <File Path="Directory.Build.targets" />
  </Folder>
  <Project Path="DiGi.Solar.ComputeSharp.Rhino/DiGi.Solar.ComputeSharp.Rhino.csproj" />
  <Project Path="DiGi.Solar.Rhino/DiGi.Solar.Rhino.csproj" />
</Solution>
